{
    "version": 3,
    "terraform_version": "0.11.2",
    "serial": 22,
    "lineage": "f1804d2c-9398-490e-a689-a7415a101d0c",
    "modules": [
        {
            "path": [
                "root"
            ],
            "outputs": {},
            "resources": {
                "openstack_compute_floatingip_associate_v2.basic_float_ip": {
                    "type": "openstack_compute_floatingip_associate_v2",
                    "depends_on": [
                        "openstack_compute_instance_v2.basic_instance",
                        "openstack_networking_floatingip_v2.basic_float_ip"
                    ],
                    "primary": {
                        "id": "10.32.171.162/933d8cd9-11d1-4ff6-9071-c4576a8829bf/192.168.0.77",
                        "attributes": {
                            "fixed_ip": "192.168.0.77",
                            "floating_ip": "10.32.171.162",
                            "id": "10.32.171.162/933d8cd9-11d1-4ff6-9071-c4576a8829bf/192.168.0.77",
                            "instance_id": "933d8cd9-11d1-4ff6-9071-c4576a8829bf",
                            "region": "pdx1"
                        },
                        "meta": {},
                        "tainted": true
                    },
                    "deposed": [],
                    "provider": "provider.openstack"
                },
                "openstack_compute_instance_v2.basic_instance": {
                    "type": "openstack_compute_instance_v2",
                    "depends_on": [],
                    "primary": {
                        "id": "933d8cd9-11d1-4ff6-9071-c4576a8829bf",
                        "attributes": {
                            "access_ip_v4": "192.168.0.77",
                            "access_ip_v6": "",
                            "all_metadata.%": "0",
                            "availability_zone": "opdx1",
                            "flavor_id": "5c2a18f6-87f8-4537-a871-42f473a779d7",
                            "flavor_name": "m1.medium",
                            "force_delete": "false",
                            "id": "933d8cd9-11d1-4ff6-9071-c4576a8829bf",
                            "image_id": "5c509a1d-c7b2-4629-97ed-0d7ccd66e154",
                            "image_name": "centos_7_x86_64",
                            "key_pair": "slice",
                            "name": "basic_instance",
                            "network.#": "1",
                            "network.0.access_network": "false",
                            "network.0.fixed_ip_v4": "192.168.0.77",
                            "network.0.fixed_ip_v6": "",
                            "network.0.floating_ip": "",
                            "network.0.mac": "fa:16:3e:61:40:40",
                            "network.0.name": "network1",
                            "network.0.port": "",
                            "network.0.uuid": "",
                            "region": "pdx1",
                            "security_groups.#": "1",
                            "security_groups.2777924311": "sg0",
                            "stop_before_destroy": "false"
                        },
                        "meta": {
                            "e2bfb730-ecaa-11e6-8f88-34363bc7c4c0": {
                                "create": 1800000000000,
                                "delete": 1800000000000,
                                "update": 1800000000000
                            }
                        },
                        "tainted": false
                    },
                    "deposed": [],
                    "provider": "provider.openstack"
                },
                "openstack_networking_floatingip_v2.basic_float_ip": {
                    "type": "openstack_networking_floatingip_v2",
                    "depends_on": [],
                    "primary": {
                        "id": "1da0e986-e149-497f-913e-f2ebe78cc82f",
                        "attributes": {
                            "address": "10.32.171.162",
                            "fixed_ip": "",
                            "id": "1da0e986-e149-497f-913e-f2ebe78cc82f",
                            "pool": "ext-net-pdx1-opdx1",
                            "port_id": "",
                            "region": "pdx1",
                            "tenant_id": "b00090c0b8c345399f0a5d378b585e89"
                        },
                        "meta": {
                            "e2bfb730-ecaa-11e6-8f88-34363bc7c4c0": {
                                "create": 600000000000,
                                "delete": 600000000000
                            }
                        },
                        "tainted": false
                    },
                    "deposed": [],
                    "provider": "provider.openstack"
                }
            },
            "depends_on": []
        }
    ]
}
